<?xml version="1.0" encoding="utf-8"?>
<Project ToolsVersion="4.0" xmlns="http://schemas.microsoft.com/developer/msbuild/2003">
  <ItemGroup>
    <ClCompile Include="..\..\src\main.cpp" />
    <ClCompile Include="..\..\src\styles.cpp" />
    <ClCompile Include="..\..\src\mainVC.cpp" />
    <ClCompile Include="..\..\src\resources.cpp" />
    <ClCompile Include="..\..\..\DemoScene\img_bake.cpp" />
    <ClCompile Include="..\..\..\DemoScene\compress.cpp" />
  </ItemGroup>
  <ItemGroup>
    <ClInclude Include="..\..\src\styles.h" />
    <ClInclude Include="..\..\src\mainVC.h" />
    <ClInclude Include="..\..\src\resources.h" />
    <ClInclude Include="..\..\..\DemoScene\img_bake.h" />
    <ClInclude Include="..\..\..\DemoScene\compress.h" />
  </ItemGroup>
  <ItemGroup>
    <Filter Include="shaders">
      <UniqueIdentifier>{1adbc20f-7717-4574-a9ec-91a13ee78796}</UniqueIdentifier>
    </Filter>
  </ItemGroup>
  <ItemGroup>
    <FxCompile Include="..\..\src\2dlightingps.hlsl">
      <Filter>shaders</Filter>
    </FxCompile>
  </ItemGroup>
</Project>