<?xml version="1.0" encoding="utf-8"?>
<Project ToolsVersion="4.0" xmlns="http://schemas.microsoft.com/developer/msbuild/2003">
  <ItemGroup>
    <ClCompile Include="main.cpp" />
    <ClCompile Include="graphics.cpp" />
    <ClCompile Include="mem.cpp" />
    <ClCompile Include="compress.cpp" />
    <ClCompile Include="string.cpp" />
    <ClCompile Include="sprite.cpp" />
    <ClCompile Include="res.cpp" />
  </ItemGroup>
  <ItemGroup>
    <ClInclude Include="graphics.h" />
    <ClInclude Include="mem.h" />
    <ClInclude Include="compress.h" />
    <ClInclude Include="string.h" />
    <ClInclude Include="sprite.h" />
    <ClInclude Include="res.h" />
  </ItemGroup>
  <ItemGroup>
    <FxCompile Include="2dps.hlsl" />
    <FxCompile Include="2dvs.hlsl" />
  </ItemGroup>
</Project>