<?xml version="1.0" encoding="utf-8"?>
<Project ToolsVersion="4.0" xmlns="http://schemas.microsoft.com/developer/msbuild/2003">
  <ItemGroup>
    <ClCompile Include="main.cpp" />
    <ClCompile Include="graphics.cpp" />
    <ClCompile Include="mem.cpp" />
    <ClCompile Include="compress.cpp" />
    <ClCompile Include="string.cpp" />
    <ClCompile Include="sprite.cpp" />
    <ClCompile Include="res.cpp" />
    <ClCompile Include="mat.cpp" />
    <ClCompile Include="img_bake.cpp" />
  </ItemGroup>
  <ItemGroup>
    <ClInclude Include="graphics.h" />
    <ClInclude Include="compress.h" />
    <ClInclude Include="sprite.h" />
    <ClInclude Include="res.h" />
    <ClInclude Include="mat.h" />
    <ClInclude Include="img_bake.h" />
    <ClInclude Include="ds_mem.h" />
    <ClInclude Include="ds_string.h" />
    <ClInclude Include="res_data.h" />
  </ItemGroup>
</Project>